
Microsoft Visual Studio Solution File, Format Version 12.00
# Visual Studio 14
VisualStudioVersion = 14.0.25420.1
MinimumVisualStudioVersion = 10.0.40219.1
Project("{FAE04EC0-301F-11D3-BF4B-00C04F79EFBC}") = "Dictionary", "Dictionary\Dictionary.csproj", "{6949549A-374E-46CE-A2AA-7B4F54CC78E0}"
EndProject
Project("{FAE04EC0-301F-11D3-BF4B-00C04F79EFBC}") = "PreSorting", "PreSorting\PreSorting.csproj", "{75F5DEB1-5926-41F6-86E9-7B25C4AE4682}"
EndProject
Project("{FAE04EC0-301F-11D3-BF4B-00C04F79EFBC}") = "API", "API handler\API.csproj", "{B0E32920-8206-46D5-8F5B-A1B2F56D89B5}"
EndProject
Project("{FAE04EC0-301F-11D3-BF4B-00C04F79EFBC}") = "Unit Tests", "Unit Tests\Unit Tests.csproj", "{5B6C8AF9-44CD-4D3A-B844-9E12BB75BE1C}"
EndProject
Project("{FAE04EC0-301F-11D3-BF4B-00C04F79EFBC}") = "Routing", "Network\Routing.csproj", "{7BE1377B-B4D3-45E5-A021-5934C817AB39}"
EndProject
Project("{FAE04EC0-301F-11D3-BF4B-00C04F79EFBC}") = "User Interface", "User Interface\User Interface.csproj", "{2F8A31D1-98D5-42A7-A338-AD642A9DF70A}"
EndProject
Global
	GlobalSection(SolutionConfigurationPlatforms) = preSolution
		Debug|Any CPU = Debug|Any CPU
		Debug|ARM = Debug|ARM
		Debug|x64 = Debug|x64
		Debug|x86 = Debug|x86
		Release|Any CPU = Release|Any CPU
		Release|ARM = Release|ARM
		Release|x64 = Release|x64
		Release|x86 = Release|x86
	EndGlobalSection
	GlobalSection(ProjectConfigurationPlatforms) = postSolution
		{6949549A-374E-46CE-A2AA-7B4F54CC78E0}.Debug|Any CPU.ActiveCfg = Debug|Any CPU
		{6949549A-374E-46CE-A2AA-7B4F54CC78E0}.Debug|Any CPU.Build.0 = Debug|Any CPU
		{6949549A-374E-46CE-A2AA-7B4F54CC78E0}.Debug|ARM.ActiveCfg = Debug|Any CPU
		{6949549A-374E-46CE-A2AA-7B4F54CC78E0}.Debug|ARM.Build.0 = Debug|Any CPU
		{6949549A-374E-46CE-A2AA-7B4F54CC78E0}.Debug|x64.ActiveCfg = Debug|Any CPU
		{6949549A-374E-46CE-A2AA-7B4F54CC78E0}.Debug|x64.Build.0 = Debug|Any CPU
		{6949549A-374E-46CE-A2AA-7B4F54CC78E0}.Debug|x86.ActiveCfg = Debug|Any CPU
		{6949549A-374E-46CE-A2AA-7B4F54CC78E0}.Debug|x86.Build.0 = Debug|Any CPU
		{6949549A-374E-46CE-A2AA-7B4F54CC78E0}.Release|Any CPU.ActiveCfg = Release|Any CPU
		{6949549A-374E-46CE-A2AA-7B4F54CC78E0}.Release|Any CPU.Build.0 = Release|Any CPU
		{6949549A-374E-46CE-A2AA-7B4F54CC78E0}.Release|ARM.ActiveCfg = Release|Any CPU
		{6949549A-374E-46CE-A2AA-7B4F54CC78E0}.Release|ARM.Build.0 = Release|Any CPU
		{6949549A-374E-46CE-A2AA-7B4F54CC78E0}.Release|x64.ActiveCfg = Release|Any CPU
		{6949549A-374E-46CE-A2AA-7B4F54CC78E0}.Release|x64.Build.0 = Release|Any CPU
		{6949549A-374E-46CE-A2AA-7B4F54CC78E0}.Release|x86.ActiveCfg = Release|Any CPU
		{6949549A-374E-46CE-A2AA-7B4F54CC78E0}.Release|x86.Build.0 = Release|Any CPU
		{75F5DEB1-5926-41F6-86E9-7B25C4AE4682}.Debug|Any CPU.ActiveCfg = Debug|Any CPU
		{75F5DEB1-5926-41F6-86E9-7B25C4AE4682}.Debug|Any CPU.Build.0 = Debug|Any CPU
		{75F5DEB1-5926-41F6-86E9-7B25C4AE4682}.Debug|ARM.ActiveCfg = Debug|Any CPU
		{75F5DEB1-5926-41F6-86E9-7B25C4AE4682}.Debug|ARM.Build.0 = Debug|Any CPU
		{75F5DEB1-5926-41F6-86E9-7B25C4AE4682}.Debug|x64.ActiveCfg = Debug|Any CPU
		{75F5DEB1-5926-41F6-86E9-7B25C4AE4682}.Debug|x64.Build.0 = Debug|Any CPU
		{75F5DEB1-5926-41F6-86E9-7B25C4AE4682}.Debug|x86.ActiveCfg = Debug|Any CPU
		{75F5DEB1-5926-41F6-86E9-7B25C4AE4682}.Debug|x86.Build.0 = Debug|Any CPU
		{75F5DEB1-5926-41F6-86E9-7B25C4AE4682}.Release|Any CPU.ActiveCfg = Release|Any CPU
		{75F5DEB1-5926-41F6-86E9-7B25C4AE4682}.Release|Any CPU.Build.0 = Release|Any CPU
		{75F5DEB1-5926-41F6-86E9-7B25C4AE4682}.Release|ARM.ActiveCfg = Release|Any CPU
		{75F5DEB1-5926-41F6-86E9-7B25C4AE4682}.Release|ARM.Build.0 = Release|Any CPU
		{75F5DEB1-5926-41F6-86E9-7B25C4AE4682}.Release|x64.ActiveCfg = Release|Any CPU
		{75F5DEB1-5926-41F6-86E9-7B25C4AE4682}.Release|x64.Build.0 = Release|Any CPU
		{75F5DEB1-5926-41F6-86E9-7B25C4AE4682}.Release|x86.ActiveCfg = Release|Any CPU
		{75F5DEB1-5926-41F6-86E9-7B25C4AE4682}.Release|x86.Build.0 = Release|Any CPU
		{B0E32920-8206-46D5-8F5B-A1B2F56D89B5}.Debug|Any CPU.ActiveCfg = Debug|Any CPU
		{B0E32920-8206-46D5-8F5B-A1B2F56D89B5}.Debug|Any CPU.Build.0 = Debug|Any CPU
		{B0E32920-8206-46D5-8F5B-A1B2F56D89B5}.Debug|ARM.ActiveCfg = Debug|Any CPU
		{B0E32920-8206-46D5-8F5B-A1B2F56D89B5}.Debug|ARM.Build.0 = Debug|Any CPU
		{B0E32920-8206-46D5-8F5B-A1B2F56D89B5}.Debug|x64.ActiveCfg = Debug|Any CPU
		{B0E32920-8206-46D5-8F5B-A1B2F56D89B5}.Debug|x64.Build.0 = Debug|Any CPU
		{B0E32920-8206-46D5-8F5B-A1B2F56D89B5}.Debug|x86.ActiveCfg = Debug|Any CPU
		{B0E32920-8206-46D5-8F5B-A1B2F56D89B5}.Debug|x86.Build.0 = Debug|Any CPU
		{B0E32920-8206-46D5-8F5B-A1B2F56D89B5}.Release|Any CPU.ActiveCfg = Release|Any CPU
		{B0E32920-8206-46D5-8F5B-A1B2F56D89B5}.Release|Any CPU.Build.0 = Release|Any CPU
		{B0E32920-8206-46D5-8F5B-A1B2F56D89B5}.Release|ARM.ActiveCfg = Release|Any CPU
		{B0E32920-8206-46D5-8F5B-A1B2F56D89B5}.Release|ARM.Build.0 = Release|Any CPU
		{B0E32920-8206-46D5-8F5B-A1B2F56D89B5}.Release|x64.ActiveCfg = Release|Any CPU
		{B0E32920-8206-46D5-8F5B-A1B2F56D89B5}.Release|x64.Build.0 = Release|Any CPU
		{B0E32920-8206-46D5-8F5B-A1B2F56D89B5}.Release|x86.ActiveCfg = Release|Any CPU
		{B0E32920-8206-46D5-8F5B-A1B2F56D89B5}.Release|x86.Build.0 = Release|Any CPU
		{5B6C8AF9-44CD-4D3A-B844-9E12BB75BE1C}.Debug|Any CPU.ActiveCfg = Debug|Any CPU
		{5B6C8AF9-44CD-4D3A-B844-9E12BB75BE1C}.Debug|Any CPU.Build.0 = Debug|Any CPU
		{5B6C8AF9-44CD-4D3A-B844-9E12BB75BE1C}.Debug|ARM.ActiveCfg = Debug|Any CPU
		{5B6C8AF9-44CD-4D3A-B844-9E12BB75BE1C}.Debug|ARM.Build.0 = Debug|Any CPU
		{5B6C8AF9-44CD-4D3A-B844-9E12BB75BE1C}.Debug|x64.ActiveCfg = Debug|Any CPU
		{5B6C8AF9-44CD-4D3A-B844-9E12BB75BE1C}.Debug|x64.Build.0 = Debug|Any CPU
		{5B6C8AF9-44CD-4D3A-B844-9E12BB75BE1C}.Debug|x86.ActiveCfg = Debug|Any CPU
		{5B6C8AF9-44CD-4D3A-B844-9E12BB75BE1C}.Debug|x86.Build.0 = Debug|Any CPU
		{5B6C8AF9-44CD-4D3A-B844-9E12BB75BE1C}.Release|Any CPU.ActiveCfg = Release|Any CPU
		{5B6C8AF9-44CD-4D3A-B844-9E12BB75BE1C}.Release|Any CPU.Build.0 = Release|Any CPU
		{5B6C8AF9-44CD-4D3A-B844-9E12BB75BE1C}.Release|ARM.ActiveCfg = Release|Any CPU
		{5B6C8AF9-44CD-4D3A-B844-9E12BB75BE1C}.Release|ARM.Build.0 = Release|Any CPU
		{5B6C8AF9-44CD-4D3A-B844-9E12BB75BE1C}.Release|x64.ActiveCfg = Release|Any CPU
		{5B6C8AF9-44CD-4D3A-B844-9E12BB75BE1C}.Release|x64.Build.0 = Release|Any CPU
		{5B6C8AF9-44CD-4D3A-B844-9E12BB75BE1C}.Release|x86.ActiveCfg = Release|Any CPU
		{5B6C8AF9-44CD-4D3A-B844-9E12BB75BE1C}.Release|x86.Build.0 = Release|Any CPU
		{7BE1377B-B4D3-45E5-A021-5934C817AB39}.Debug|Any CPU.ActiveCfg = Debug|Any CPU
		{7BE1377B-B4D3-45E5-A021-5934C817AB39}.Debug|Any CPU.Build.0 = Debug|Any CPU
		{7BE1377B-B4D3-45E5-A021-5934C817AB39}.Debug|ARM.ActiveCfg = Debug|Any CPU
		{7BE1377B-B4D3-45E5-A021-5934C817AB39}.Debug|ARM.Build.0 = Debug|Any CPU
		{7BE1377B-B4D3-45E5-A021-5934C817AB39}.Debug|x64.ActiveCfg = Debug|Any CPU
		{7BE1377B-B4D3-45E5-A021-5934C817AB39}.Debug|x64.Build.0 = Debug|Any CPU
		{7BE1377B-B4D3-45E5-A021-5934C817AB39}.Debug|x86.ActiveCfg = Debug|Any CPU
		{7BE1377B-B4D3-45E5-A021-5934C817AB39}.Debug|x86.Build.0 = Debug|Any CPU
		{7BE1377B-B4D3-45E5-A021-5934C817AB39}.Release|Any CPU.ActiveCfg = Release|Any CPU
		{7BE1377B-B4D3-45E5-A021-5934C817AB39}.Release|Any CPU.Build.0 = Release|Any CPU
		{7BE1377B-B4D3-45E5-A021-5934C817AB39}.Release|ARM.ActiveCfg = Release|Any CPU
		{7BE1377B-B4D3-45E5-A021-5934C817AB39}.Release|ARM.Build.0 = Release|Any CPU
		{7BE1377B-B4D3-45E5-A021-5934C817AB39}.Release|x64.ActiveCfg = Release|Any CPU
		{7BE1377B-B4D3-45E5-A021-5934C817AB39}.Release|x64.Build.0 = Release|Any CPU
		{7BE1377B-B4D3-45E5-A021-5934C817AB39}.Release|x86.ActiveCfg = Release|Any CPU
		{7BE1377B-B4D3-45E5-A021-5934C817AB39}.Release|x86.Build.0 = Release|Any CPU
		{2F8A31D1-98D5-42A7-A338-AD642A9DF70A}.Debug|Any CPU.ActiveCfg = Debug|Any CPU
		{2F8A31D1-98D5-42A7-A338-AD642A9DF70A}.Debug|Any CPU.Build.0 = Debug|Any CPU
		{2F8A31D1-98D5-42A7-A338-AD642A9DF70A}.Debug|ARM.ActiveCfg = Debug|Any CPU
		{2F8A31D1-98D5-42A7-A338-AD642A9DF70A}.Debug|ARM.Build.0 = Debug|Any CPU
		{2F8A31D1-98D5-42A7-A338-AD642A9DF70A}.Debug|x64.ActiveCfg = Debug|Any CPU
		{2F8A31D1-98D5-42A7-A338-AD642A9DF70A}.Debug|x64.Build.0 = Debug|Any CPU
		{2F8A31D1-98D5-42A7-A338-AD642A9DF70A}.Debug|x86.ActiveCfg = Debug|Any CPU
		{2F8A31D1-98D5-42A7-A338-AD642A9DF70A}.Debug|x86.Build.0 = Debug|Any CPU
		{2F8A31D1-98D5-42A7-A338-AD642A9DF70A}.Release|Any CPU.ActiveCfg = Release|Any CPU
		{2F8A31D1-98D5-42A7-A338-AD642A9DF70A}.Release|Any CPU.Build.0 = Release|Any CPU
		{2F8A31D1-98D5-42A7-A338-AD642A9DF70A}.Release|ARM.ActiveCfg = Release|Any CPU
		{2F8A31D1-98D5-42A7-A338-AD642A9DF70A}.Release|ARM.Build.0 = Release|Any CPU
		{2F8A31D1-98D5-42A7-A338-AD642A9DF70A}.Release|x64.ActiveCfg = Release|Any CPU
		{2F8A31D1-98D5-42A7-A338-AD642A9DF70A}.Release|x64.Build.0 = Release|Any CPU
		{2F8A31D1-98D5-42A7-A338-AD642A9DF70A}.Release|x86.ActiveCfg = Release|Any CPU
		{2F8A31D1-98D5-42A7-A338-AD642A9DF70A}.Release|x86.Build.0 = Release|Any CPU
	EndGlobalSection
	GlobalSection(SolutionProperties) = preSolution
		HideSolutionNode = FALSE
	EndGlobalSection
EndGlobal
